{
  "version": 1,
  "dependencies": {
    "net10.0": {
      "VellumPdf.Layout": {
        "type": "Direct",
        "requested": "[1.5.4, )",
        "resolved": "1.5.4",
        "contentHash": "Q0gAOe+3Maa7FfM0h6RrtzJrVx7NRVprobS2HgQIzoWlrEYzmMHsr5wX4MQj8dmM+bP65AuQJZufpWYkubcaqw==",
        "dependencies": {
          "VellumPdf.Kernel": "1.5.4"
        }
      },
      "VellumPdf.Signing": {
        "type": "Direct",
        "requested": "[1.5.4, )",
        "resolved": "1.5.4",
        "contentHash": "KHjoCKILt22B/EQP7A0Ld2IdRwxGuzUAGiGSY6rpAI4tYw741eU3SCIUBd+A6gbSkbMIdwbtmUMpniYK0LcbZA==",
        "dependencies": {
          "System.Security.Cryptography.Pkcs": "9.0.5",
          "VellumPdf.Kernel": "1.5.4",
          "VellumPdf.Layout": "1.5.4"
        }
      },
      "System.Security.Cryptography.Pkcs": {
        "type": "Transitive",
        "resolved": "9.0.5",
        "contentHash": "7CmpoOp7auyc7fdVgZSUhR+QYMsF2XH+uKbjDYrvyTvehDlKuic+Hhv9RM+Wyf5xMnC28RrTGgzmo5fFt0Fmxg=="
      },
      "VellumPdf.Kernel": {
        "type": "Transitive",
        "resolved": "1.5.4",
        "contentHash": "edOG0F+w9cn01vR98Hhu7H0OHgugIS7jwJjg8wUJhvdCORFx/T3vLDvIjCCeVTSL8M/dHa7qaT10L8pHhQMjOA=="
      }
    }
  }
}