{
  "version": 1,
  "dependencies": {
    "net10.0": {
      "VellumPdf.Layout": {
        "type": "Direct",
        "requested": "[1.5.2, )",
        "resolved": "1.5.2",
        "contentHash": "a3R1h0djujVSPhXo3RQWOyrfEnwjV4Hhf4ZX630hwLa22kuwyRv299EP8Nm5ox3FH7Y3cqlWjTHEog7OhTHMyg==",
        "dependencies": {
          "VellumPdf.Kernel": "1.5.2"
        }
      },
      "VellumPdf.Signing": {
        "type": "Direct",
        "requested": "[1.5.2, )",
        "resolved": "1.5.2",
        "contentHash": "xInGOMH919NO4AguFLrPmlbh3FTxTE4fXcv5lETeP9zpG666kuUzR+Iuv1fCNOwDI8M9d1CscYcucswo7VE30A==",
        "dependencies": {
          "System.Security.Cryptography.Pkcs": "9.0.5",
          "VellumPdf.Kernel": "1.5.2",
          "VellumPdf.Layout": "1.5.2"
        }
      },
      "System.Security.Cryptography.Pkcs": {
        "type": "Transitive",
        "resolved": "9.0.5",
        "contentHash": "7CmpoOp7auyc7fdVgZSUhR+QYMsF2XH+uKbjDYrvyTvehDlKuic+Hhv9RM+Wyf5xMnC28RrTGgzmo5fFt0Fmxg=="
      },
      "VellumPdf.Kernel": {
        "type": "Transitive",
        "resolved": "1.5.2",
        "contentHash": "vBZx0ymBN22Ds8hCUBT6G/kNlYZ2c7aVg2e+70wkOzhNHuaCO+sbi/BF+lmLkSZAzlKXElX+WvJdU0Z+2ag/5g=="
      }
    }
  }
}